
Microsoft Visual Studio Solution File, Format Version 12.00
# Visual Studio 2013
VisualStudioVersion = 12.0.31101.0
MinimumVisualStudioVersion = 10.0.40219.1
Project("{FAE04EC0-301F-11D3-BF4B-00C04F79EFBC}") = "HelloWorld", "HelloWorld\HelloWorld.csproj", "{69A64609-5C32-41B0-9C90-BD0240A1CB22}"
EndProject
Project("{FAE04EC0-301F-11D3-BF4B-00C04F79EFBC}") = "CommandLine", "CommandLine\CommandLine.csproj", "{86EB3E01-BD65-4C15-AC0B-63BCF78B7E6D}"
EndProject
Project("{FAE04EC0-301F-11D3-BF4B-00C04F79EFBC}") = "Arrays", "Arrays\Arrays.csproj", "{A4DA62A7-E570-4150-B57D-39A28373E5BD}"
EndProject
Project("{FAE04EC0-301F-11D3-BF4B-00C04F79EFBC}") = "Properties", "Properties\Properties.csproj", "{C5516F8A-A1C3-4BC1-97ED-4E85097194F0}"
EndProject
Project("{FAE04EC0-301F-11D3-BF4B-00C04F79EFBC}") = "Libraries", "Libraries\Libraries.csproj", "{672A221A-03E2-40CF-A0CE-3814602662E9}"
EndProject
Project("{FAE04EC0-301F-11D3-BF4B-00C04F79EFBC}") = "LibrariesClient", "LibrariesClient\LibrariesClient.csproj", "{9605888D-B89E-4B74-A9E4-14BFD0DE7151}"
	ProjectSection(ProjectDependencies) = postProject
		{672A221A-03E2-40CF-A0CE-3814602662E9} = {672A221A-03E2-40CF-A0CE-3814602662E9}
	EndProjectSection
EndProject
Project("{FAE04EC0-301F-11D3-BF4B-00C04F79EFBC}") = "Versioning", "Versioning\Versioning.csproj", "{154F9C16-0753-4A2D-9163-3F8129C2D173}"
EndProject
Project("{FAE04EC0-301F-11D3-BF4B-00C04F79EFBC}") = "CollectionClasses", "CollectionClasses\CollectionClasses.csproj", "{ACC40787-B1E0-430C-8AD9-F97FA987D785}"
EndProject
Project("{FAE04EC0-301F-11D3-BF4B-00C04F79EFBC}") = "Structs", "Structs\Structs.csproj", "{B224B988-A243-4059-8339-5702E990CB42}"
EndProject
Project("{FAE04EC0-301F-11D3-BF4B-00C04F79EFBC}") = "Indexers", "Indexers\Indexers.csproj", "{2221F00B-1AC0-4427-A76D-2210F65C56CC}"
EndProject
Project("{FAE04EC0-301F-11D3-BF4B-00C04F79EFBC}") = "UserDefinedConversions", "UserDefinedConversions\UserDefinedConversions.csproj", "{84642B35-B993-4F4A-A372-10B55DA0BF87}"
EndProject
Project("{FAE04EC0-301F-11D3-BF4B-00C04F79EFBC}") = "OperatorOverloading", "OperatorOverloading\OperatorOverloading.csproj", "{8CA60D78-A0AB-4194-9DE5-046CFE3852D7}"
EndProject
Project("{FAE04EC0-301F-11D3-BF4B-00C04F79EFBC}") = "Delegates", "Delegates\Delegates.csproj", "{7F1C3F7C-9705-4CD1-BB45-41EB286A986E}"
EndProject
Project("{FAE04EC0-301F-11D3-BF4B-00C04F79EFBC}") = "Events", "Events\Events.csproj", "{6965E4A8-D46A-4623-856F-0ED791382766}"
EndProject
Project("{FAE04EC0-301F-11D3-BF4B-00C04F79EFBC}") = "ExplicitInterfaceImplementation", "ExplicitInterfaceImplementation\ExplicitInterfaceImplementation.csproj", "{47AF4290-3C3A-4B38-B9CF-09C0D24B0307}"
EndProject
Project("{FAE04EC0-301F-11D3-BF4B-00C04F79EFBC}") = "ConditionalMethods", "ConditionalMethods\ConditionalMethods.csproj", "{5E45119A-DDC1-45CD-887F-9C02BE28ED9E}"
EndProject
Project("{FAE04EC0-301F-11D3-BF4B-00C04F79EFBC}") = "XMLDocumentation", "XMLDocumentation\XMLDocumentation.csproj", "{7189D65C-FF7E-4792-B268-6E029D67DC84}"
EndProject
Project("{FAE04EC0-301F-11D3-BF4B-00C04F79EFBC}") = "PlatformInvoke", "PlatformInvoke\PlatformInvoke.csproj", "{B3AFCB95-C19A-421A-917E-BCB03D9D50EB}"
EndProject
Project("{FAE04EC0-301F-11D3-BF4B-00C04F79EFBC}") = "ComInterop1", "ComInterop1\ComInterop1.csproj", "{2A785A71-2E39-4B4D-A2E4-BA50D3FA9131}"
EndProject
Global
	GlobalSection(SolutionConfigurationPlatforms) = preSolution
		Debug|Any CPU = Debug|Any CPU
		Release|Any CPU = Release|Any CPU
	EndGlobalSection
	GlobalSection(ProjectConfigurationPlatforms) = postSolution
		{69A64609-5C32-41B0-9C90-BD0240A1CB22}.Debug|Any CPU.ActiveCfg = Debug|Any CPU
		{69A64609-5C32-41B0-9C90-BD0240A1CB22}.Debug|Any CPU.Build.0 = Debug|Any CPU
		{69A64609-5C32-41B0-9C90-BD0240A1CB22}.Release|Any CPU.ActiveCfg = Release|Any CPU
		{69A64609-5C32-41B0-9C90-BD0240A1CB22}.Release|Any CPU.Build.0 = Release|Any CPU
		{86EB3E01-BD65-4C15-AC0B-63BCF78B7E6D}.Debug|Any CPU.ActiveCfg = Debug|Any CPU
		{86EB3E01-BD65-4C15-AC0B-63BCF78B7E6D}.Debug|Any CPU.Build.0 = Debug|Any CPU
		{86EB3E01-BD65-4C15-AC0B-63BCF78B7E6D}.Release|Any CPU.ActiveCfg = Release|Any CPU
		{86EB3E01-BD65-4C15-AC0B-63BCF78B7E6D}.Release|Any CPU.Build.0 = Release|Any CPU
		{A4DA62A7-E570-4150-B57D-39A28373E5BD}.Debug|Any CPU.ActiveCfg = Debug|Any CPU
		{A4DA62A7-E570-4150-B57D-39A28373E5BD}.Debug|Any CPU.Build.0 = Debug|Any CPU
		{A4DA62A7-E570-4150-B57D-39A28373E5BD}.Release|Any CPU.ActiveCfg = Release|Any CPU
		{A4DA62A7-E570-4150-B57D-39A28373E5BD}.Release|Any CPU.Build.0 = Release|Any CPU
		{C5516F8A-A1C3-4BC1-97ED-4E85097194F0}.Debug|Any CPU.ActiveCfg = Debug|Any CPU
		{C5516F8A-A1C3-4BC1-97ED-4E85097194F0}.Debug|Any CPU.Build.0 = Debug|Any CPU
		{C5516F8A-A1C3-4BC1-97ED-4E85097194F0}.Release|Any CPU.ActiveCfg = Release|Any CPU
		{C5516F8A-A1C3-4BC1-97ED-4E85097194F0}.Release|Any CPU.Build.0 = Release|Any CPU
		{672A221A-03E2-40CF-A0CE-3814602662E9}.Debug|Any CPU.ActiveCfg = Debug|Any CPU
		{672A221A-03E2-40CF-A0CE-3814602662E9}.Debug|Any CPU.Build.0 = Debug|Any CPU
		{672A221A-03E2-40CF-A0CE-3814602662E9}.Release|Any CPU.ActiveCfg = Release|Any CPU
		{672A221A-03E2-40CF-A0CE-3814602662E9}.Release|Any CPU.Build.0 = Release|Any CPU
		{9605888D-B89E-4B74-A9E4-14BFD0DE7151}.Debug|Any CPU.ActiveCfg = Debug|Any CPU
		{9605888D-B89E-4B74-A9E4-14BFD0DE7151}.Debug|Any CPU.Build.0 = Debug|Any CPU
		{9605888D-B89E-4B74-A9E4-14BFD0DE7151}.Release|Any CPU.ActiveCfg = Release|Any CPU
		{9605888D-B89E-4B74-A9E4-14BFD0DE7151}.Release|Any CPU.Build.0 = Release|Any CPU
		{154F9C16-0753-4A2D-9163-3F8129C2D173}.Debug|Any CPU.ActiveCfg = Debug|Any CPU
		{154F9C16-0753-4A2D-9163-3F8129C2D173}.Debug|Any CPU.Build.0 = Debug|Any CPU
		{154F9C16-0753-4A2D-9163-3F8129C2D173}.Release|Any CPU.ActiveCfg = Release|Any CPU
		{154F9C16-0753-4A2D-9163-3F8129C2D173}.Release|Any CPU.Build.0 = Release|Any CPU
		{ACC40787-B1E0-430C-8AD9-F97FA987D785}.Debug|Any CPU.ActiveCfg = Debug|Any CPU
		{ACC40787-B1E0-430C-8AD9-F97FA987D785}.Debug|Any CPU.Build.0 = Debug|Any CPU
		{ACC40787-B1E0-430C-8AD9-F97FA987D785}.Release|Any CPU.ActiveCfg = Release|Any CPU
		{ACC40787-B1E0-430C-8AD9-F97FA987D785}.Release|Any CPU.Build.0 = Release|Any CPU
		{B224B988-A243-4059-8339-5702E990CB42}.Debug|Any CPU.ActiveCfg = Debug|Any CPU
		{B224B988-A243-4059-8339-5702E990CB42}.Debug|Any CPU.Build.0 = Debug|Any CPU
		{B224B988-A243-4059-8339-5702E990CB42}.Release|Any CPU.ActiveCfg = Release|Any CPU
		{B224B988-A243-4059-8339-5702E990CB42}.Release|Any CPU.Build.0 = Release|Any CPU
		{2221F00B-1AC0-4427-A76D-2210F65C56CC}.Debug|Any CPU.ActiveCfg = Debug|Any CPU
		{2221F00B-1AC0-4427-A76D-2210F65C56CC}.Debug|Any CPU.Build.0 = Debug|Any CPU
		{2221F00B-1AC0-4427-A76D-2210F65C56CC}.Release|Any CPU.ActiveCfg = Release|Any CPU
		{2221F00B-1AC0-4427-A76D-2210F65C56CC}.Release|Any CPU.Build.0 = Release|Any CPU
		{84642B35-B993-4F4A-A372-10B55DA0BF87}.Debug|Any CPU.ActiveCfg = Debug|Any CPU
		{84642B35-B993-4F4A-A372-10B55DA0BF87}.Debug|Any CPU.Build.0 = Debug|Any CPU
		{84642B35-B993-4F4A-A372-10B55DA0BF87}.Release|Any CPU.ActiveCfg = Release|Any CPU
		{84642B35-B993-4F4A-A372-10B55DA0BF87}.Release|Any CPU.Build.0 = Release|Any CPU
		{8CA60D78-A0AB-4194-9DE5-046CFE3852D7}.Debug|Any CPU.ActiveCfg = Debug|Any CPU
		{8CA60D78-A0AB-4194-9DE5-046CFE3852D7}.Debug|Any CPU.Build.0 = Debug|Any CPU
		{8CA60D78-A0AB-4194-9DE5-046CFE3852D7}.Release|Any CPU.ActiveCfg = Release|Any CPU
		{8CA60D78-A0AB-4194-9DE5-046CFE3852D7}.Release|Any CPU.Build.0 = Release|Any CPU
		{7F1C3F7C-9705-4CD1-BB45-41EB286A986E}.Debug|Any CPU.ActiveCfg = Debug|Any CPU
		{7F1C3F7C-9705-4CD1-BB45-41EB286A986E}.Debug|Any CPU.Build.0 = Debug|Any CPU
		{7F1C3F7C-9705-4CD1-BB45-41EB286A986E}.Release|Any CPU.ActiveCfg = Release|Any CPU
		{7F1C3F7C-9705-4CD1-BB45-41EB286A986E}.Release|Any CPU.Build.0 = Release|Any CPU
		{6965E4A8-D46A-4623-856F-0ED791382766}.Debug|Any CPU.ActiveCfg = Debug|Any CPU
		{6965E4A8-D46A-4623-856F-0ED791382766}.Debug|Any CPU.Build.0 = Debug|Any CPU
		{6965E4A8-D46A-4623-856F-0ED791382766}.Release|Any CPU.ActiveCfg = Release|Any CPU
		{6965E4A8-D46A-4623-856F-0ED791382766}.Release|Any CPU.Build.0 = Release|Any CPU
		{47AF4290-3C3A-4B38-B9CF-09C0D24B0307}.Debug|Any CPU.ActiveCfg = Debug|Any CPU
		{47AF4290-3C3A-4B38-B9CF-09C0D24B0307}.Debug|Any CPU.Build.0 = Debug|Any CPU
		{47AF4290-3C3A-4B38-B9CF-09C0D24B0307}.Release|Any CPU.ActiveCfg = Release|Any CPU
		{47AF4290-3C3A-4B38-B9CF-09C0D24B0307}.Release|Any CPU.Build.0 = Release|Any CPU
		{5E45119A-DDC1-45CD-887F-9C02BE28ED9E}.Debug|Any CPU.ActiveCfg = Debug|Any CPU
		{5E45119A-DDC1-45CD-887F-9C02BE28ED9E}.Debug|Any CPU.Build.0 = Debug|Any CPU
		{5E45119A-DDC1-45CD-887F-9C02BE28ED9E}.Release|Any CPU.ActiveCfg = Release|Any CPU
		{5E45119A-DDC1-45CD-887F-9C02BE28ED9E}.Release|Any CPU.Build.0 = Release|Any CPU
		{7189D65C-FF7E-4792-B268-6E029D67DC84}.Debug|Any CPU.ActiveCfg = Debug|Any CPU
		{7189D65C-FF7E-4792-B268-6E029D67DC84}.Debug|Any CPU.Build.0 = Debug|Any CPU
		{7189D65C-FF7E-4792-B268-6E029D67DC84}.Release|Any CPU.ActiveCfg = Release|Any CPU
		{7189D65C-FF7E-4792-B268-6E029D67DC84}.Release|Any CPU.Build.0 = Release|Any CPU
		{B3AFCB95-C19A-421A-917E-BCB03D9D50EB}.Debug|Any CPU.ActiveCfg = Debug|Any CPU
		{B3AFCB95-C19A-421A-917E-BCB03D9D50EB}.Debug|Any CPU.Build.0 = Debug|Any CPU
		{B3AFCB95-C19A-421A-917E-BCB03D9D50EB}.Release|Any CPU.ActiveCfg = Release|Any CPU
		{B3AFCB95-C19A-421A-917E-BCB03D9D50EB}.Release|Any CPU.Build.0 = Release|Any CPU
		{2A785A71-2E39-4B4D-A2E4-BA50D3FA9131}.Debug|Any CPU.ActiveCfg = Debug|Any CPU
		{2A785A71-2E39-4B4D-A2E4-BA50D3FA9131}.Debug|Any CPU.Build.0 = Debug|Any CPU
		{2A785A71-2E39-4B4D-A2E4-BA50D3FA9131}.Release|Any CPU.ActiveCfg = Release|Any CPU
		{2A785A71-2E39-4B4D-A2E4-BA50D3FA9131}.Release|Any CPU.Build.0 = Release|Any CPU
	EndGlobalSection
	GlobalSection(SolutionProperties) = preSolution
		HideSolutionNode = FALSE
	EndGlobalSection
EndGlobal
